
Microsoft Visual Studio Solution File, Format Version 12.00
# Visual Studio 15
VisualStudioVersion = 15.0.26730.12
MinimumVisualStudioVersion = 10.0.40219.1
Project("{FAE04EC0-301F-11D3-BF4B-00C04F79EFBC}") = "Elections", "Elections\Elections.csproj", "{DD212596-B710-4D02-B470-1D71C1E3E7A7}"
EndProject
Global
	GlobalSection(SolutionConfigurationPlatforms) = preSolution
		Debug|Any CPU = Debug|Any CPU
		Release|Any CPU = Release|Any CPU
	EndGlobalSection
	GlobalSection(ProjectConfigurationPlatforms) = postSolution
		{DD212596-B710-4D02-B470-1D71C1E3E7A7}.Debug|Any CPU.ActiveCfg = Debug|Any CPU
		{DD212596-B710-4D02-B470-1D71C1E3E7A7}.Debug|Any CPU.Build.0 = Debug|Any CPU
		{DD212596-B710-4D02-B470-1D71C1E3E7A7}.Release|Any CPU.ActiveCfg = Release|Any CPU
		{DD212596-B710-4D02-B470-1D71C1E3E7A7}.Release|Any CPU.Build.0 = Release|Any CPU
	EndGlobalSection
	GlobalSection(SolutionProperties) = preSolution
		HideSolutionNode = FALSE
	EndGlobalSection
	GlobalSection(ExtensibilityGlobals) = postSolution
		SolutionGuid = {BC4D7DBA-E942-47A8-A348-472B3A075C22}
	EndGlobalSection
EndGlobal
